
Microsoft Visual Studio Solution File, Format Version 12.00
# Visual Studio Version 16
VisualStudioVersion = 16.0.29503.13
MinimumVisualStudioVersion = 10.0.40219.1
Project("{FAE04EC0-301F-11D3-BF4B-00C04F79EFBC}") = "Offner_D", "Offner_D.csproj", "{981415F1-3AA6-432C-A401-8DAE6D0D3101}"
EndProject
Project("{2150E333-8FDC-42A3-9474-1A3956D46DE8}") = "Solution Items", "Solution Items", "{94B72762-8B8F-4A65-9F56-924C91BCF847}"
	ProjectSection(SolutionItems) = preProject
		Class1.cs = Class1.cs
	EndProjectSection
EndProject
Global
	GlobalSection(SolutionConfigurationPlatforms) = preSolution
		Debug|Any CPU = Debug|Any CPU
		Release|Any CPU = Release|Any CPU
	EndGlobalSection
	GlobalSection(ProjectConfigurationPlatforms) = postSolution
		{981415F1-3AA6-432C-A401-8DAE6D0D3101}.Debug|Any CPU.ActiveCfg = Debug|Any CPU
		{981415F1-3AA6-432C-A401-8DAE6D0D3101}.Debug|Any CPU.Build.0 = Debug|Any CPU
		{981415F1-3AA6-432C-A401-8DAE6D0D3101}.Release|Any CPU.ActiveCfg = Release|Any CPU
		{981415F1-3AA6-432C-A401-8DAE6D0D3101}.Release|Any CPU.Build.0 = Release|Any CPU
	EndGlobalSection
	GlobalSection(SolutionProperties) = preSolution
		HideSolutionNode = FALSE
	EndGlobalSection
	GlobalSection(ExtensibilityGlobals) = postSolution
		SolutionGuid = {489F8EA3-8CE8-4D43-83CE-D7299FA38F16}
	EndGlobalSection
EndGlobal
